
Microsoft Visual Studio Solution File, Format Version 12.00
# Visual Studio Version 17
VisualStudioVersion = 17.14.36408.4 d17.14
MinimumVisualStudioVersion = 10.0.40219.1
Project("{FAE04EC0-301F-11D3-BF4B-00C04F79EFBC}") = "TestDirectory", "TestDirectory\TestDirectory.csproj", "{0BB0149B-3895-436A-BDD4-3BD54047208C}"
EndProject
Global
	GlobalSection(SolutionConfigurationPlatforms) = preSolution
		Debug|Any CPU = Debug|Any CPU
		Release|Any CPU = Release|Any CPU
	EndGlobalSection
	GlobalSection(ProjectConfigurationPlatforms) = postSolution
		{0BB0149B-3895-436A-BDD4-3BD54047208C}.Debug|Any CPU.ActiveCfg = Debug|Any CPU
		{0BB0149B-3895-436A-BDD4-3BD54047208C}.Debug|Any CPU.Build.0 = Debug|Any CPU
		{0BB0149B-3895-436A-BDD4-3BD54047208C}.Release|Any CPU.ActiveCfg = Release|Any CPU
		{0BB0149B-3895-436A-BDD4-3BD54047208C}.Release|Any CPU.Build.0 = Release|Any CPU
	EndGlobalSection
	GlobalSection(SolutionProperties) = preSolution
		HideSolutionNode = FALSE
	EndGlobalSection
	GlobalSection(ExtensibilityGlobals) = postSolution
		SolutionGuid = {29DBAE6E-7835-4A31-BEB8-A6D03E0DEC55}
	EndGlobalSection
EndGlobal
